
Microsoft Visual Studio Solution File, Format Version 12.00
# Visual Studio Version 16
VisualStudioVersion = 16.0.29102.190
MinimumVisualStudioVersion = 10.0.40219.1
Project("{FAE04EC0-301F-11D3-BF4B-00C04F79EFBC}") = "GhostlyPDF", "GhostlyPDF\GhostlyPDF.csproj", "{5E59C4FF-39D4-4A7A-A0C5-0FC55CD296E2}"
EndProject
Project("{FAE04EC0-301F-11D3-BF4B-00C04F79EFBC}") = "GhostlyPDF.TestApp", "GhostlyPDF.TestApp\GhostlyPDF.TestApp.csproj", "{6F5A2F06-1AB6-4B7A-B0AC-4F07BFEC46F0}"
EndProject
Global
	GlobalSection(SolutionConfigurationPlatforms) = preSolution
		Debug|Any CPU = Debug|Any CPU
		Release|Any CPU = Release|Any CPU
	EndGlobalSection
	GlobalSection(ProjectConfigurationPlatforms) = postSolution
		{5E59C4FF-39D4-4A7A-A0C5-0FC55CD296E2}.Debug|Any CPU.ActiveCfg = Debug|Any CPU
		{5E59C4FF-39D4-4A7A-A0C5-0FC55CD296E2}.Debug|Any CPU.Build.0 = Debug|Any CPU
		{5E59C4FF-39D4-4A7A-A0C5-0FC55CD296E2}.Release|Any CPU.ActiveCfg = Release|Any CPU
		{5E59C4FF-39D4-4A7A-A0C5-0FC55CD296E2}.Release|Any CPU.Build.0 = Release|Any CPU
		{6F5A2F06-1AB6-4B7A-B0AC-4F07BFEC46F0}.Debug|Any CPU.ActiveCfg = Debug|Any CPU
		{6F5A2F06-1AB6-4B7A-B0AC-4F07BFEC46F0}.Debug|Any CPU.Build.0 = Debug|Any CPU
		{6F5A2F06-1AB6-4B7A-B0AC-4F07BFEC46F0}.Release|Any CPU.ActiveCfg = Release|Any CPU
		{6F5A2F06-1AB6-4B7A-B0AC-4F07BFEC46F0}.Release|Any CPU.Build.0 = Release|Any CPU
	EndGlobalSection
	GlobalSection(SolutionProperties) = preSolution
		HideSolutionNode = FALSE
	EndGlobalSection
	GlobalSection(ExtensibilityGlobals) = postSolution
		SolutionGuid = {A386FCB4-F96D-4F9B-A97B-B7F9894A9773}
	EndGlobalSection
EndGlobal
